
Microsoft Visual Studio Solution File, Format Version 12.00
# Visual Studio Version 16
VisualStudioVersion = 16.0.29920.165
MinimumVisualStudioVersion = 10.0.40219.1
Project("{FAE04EC0-301F-11D3-BF4B-00C04F79EFBC}") = "E-Pacient", "E-Pacient.csproj", "{2FCDB133-58A6-4ACF-A153-D716372F9EB6}"
EndProject
Project("{FAE04EC0-301F-11D3-BF4B-00C04F79EFBC}") = "E-PacientTests", "..\E-PacientTests\E-PacientTests.csproj", "{B27F94A6-94A8-461B-8046-9CD93FF218D4}"
EndProject
Global
	GlobalSection(SolutionConfigurationPlatforms) = preSolution
		Debug|Any CPU = Debug|Any CPU
		Release|Any CPU = Release|Any CPU
	EndGlobalSection
	GlobalSection(ProjectConfigurationPlatforms) = postSolution
		{2FCDB133-58A6-4ACF-A153-D716372F9EB6}.Debug|Any CPU.ActiveCfg = Debug|Any CPU
		{2FCDB133-58A6-4ACF-A153-D716372F9EB6}.Debug|Any CPU.Build.0 = Debug|Any CPU
		{2FCDB133-58A6-4ACF-A153-D716372F9EB6}.Release|Any CPU.ActiveCfg = Release|Any CPU
		{2FCDB133-58A6-4ACF-A153-D716372F9EB6}.Release|Any CPU.Build.0 = Release|Any CPU
		{B27F94A6-94A8-461B-8046-9CD93FF218D4}.Debug|Any CPU.ActiveCfg = Debug|Any CPU
		{B27F94A6-94A8-461B-8046-9CD93FF218D4}.Debug|Any CPU.Build.0 = Debug|Any CPU
		{B27F94A6-94A8-461B-8046-9CD93FF218D4}.Release|Any CPU.ActiveCfg = Release|Any CPU
		{B27F94A6-94A8-461B-8046-9CD93FF218D4}.Release|Any CPU.Build.0 = Release|Any CPU
	EndGlobalSection
	GlobalSection(SolutionProperties) = preSolution
		HideSolutionNode = FALSE
	EndGlobalSection
	GlobalSection(ExtensibilityGlobals) = postSolution
		SolutionGuid = {06DFC784-902F-4268-8F89-4E0EB905C92D}
	EndGlobalSection
EndGlobal
